
Microsoft Visual Studio Solution File, Format Version 12.00
# Visual Studio Version 17
VisualStudioVersion = 17.8.34525.116
MinimumVisualStudioVersion = 10.0.40219.1
Project("{FAE04EC0-301F-11D3-BF4B-00C04F79EFBC}") = "Functions", "Functions\Functions.csproj", "{F773DA53-7944-4654-8727-CF94ADA6F8BC}"
EndProject
Project("{FAE04EC0-301F-11D3-BF4B-00C04F79EFBC}") = "ArgumentAndParameters", "ArgumentAndParameters\ArgumentAndParameters.csproj", "{F71DD15D-0C06-450D-9640-E3BEB5E4E9DB}"
EndProject
Project("{FAE04EC0-301F-11D3-BF4B-00C04F79EFBC}") = "Calculator", "Calculator\Calculator.csproj", "{3BA2407A-38C9-43B4-8043-2AE6479DDE0E}"
EndProject
Project("{FAE04EC0-301F-11D3-BF4B-00C04F79EFBC}") = "DiscountCalculator", "DiscountCalculator\DiscountCalculator.csproj", "{62B78EB2-9074-4C0E-9524-164778A15FF9}"
EndProject
Global
	GlobalSection(SolutionConfigurationPlatforms) = preSolution
		Debug|Any CPU = Debug|Any CPU
		Release|Any CPU = Release|Any CPU
	EndGlobalSection
	GlobalSection(ProjectConfigurationPlatforms) = postSolution
		{F773DA53-7944-4654-8727-CF94ADA6F8BC}.Debug|Any CPU.ActiveCfg = Debug|Any CPU
		{F773DA53-7944-4654-8727-CF94ADA6F8BC}.Debug|Any CPU.Build.0 = Debug|Any CPU
		{F773DA53-7944-4654-8727-CF94ADA6F8BC}.Release|Any CPU.ActiveCfg = Release|Any CPU
		{F773DA53-7944-4654-8727-CF94ADA6F8BC}.Release|Any CPU.Build.0 = Release|Any CPU
		{F71DD15D-0C06-450D-9640-E3BEB5E4E9DB}.Debug|Any CPU.ActiveCfg = Debug|Any CPU
		{F71DD15D-0C06-450D-9640-E3BEB5E4E9DB}.Debug|Any CPU.Build.0 = Debug|Any CPU
		{F71DD15D-0C06-450D-9640-E3BEB5E4E9DB}.Release|Any CPU.ActiveCfg = Release|Any CPU
		{F71DD15D-0C06-450D-9640-E3BEB5E4E9DB}.Release|Any CPU.Build.0 = Release|Any CPU
		{3BA2407A-38C9-43B4-8043-2AE6479DDE0E}.Debug|Any CPU.ActiveCfg = Debug|Any CPU
		{3BA2407A-38C9-43B4-8043-2AE6479DDE0E}.Debug|Any CPU.Build.0 = Debug|Any CPU
		{3BA2407A-38C9-43B4-8043-2AE6479DDE0E}.Release|Any CPU.ActiveCfg = Release|Any CPU
		{3BA2407A-38C9-43B4-8043-2AE6479DDE0E}.Release|Any CPU.Build.0 = Release|Any CPU
		{62B78EB2-9074-4C0E-9524-164778A15FF9}.Debug|Any CPU.ActiveCfg = Debug|Any CPU
		{62B78EB2-9074-4C0E-9524-164778A15FF9}.Debug|Any CPU.Build.0 = Debug|Any CPU
		{62B78EB2-9074-4C0E-9524-164778A15FF9}.Release|Any CPU.ActiveCfg = Release|Any CPU
		{62B78EB2-9074-4C0E-9524-164778A15FF9}.Release|Any CPU.Build.0 = Release|Any CPU
	EndGlobalSection
	GlobalSection(SolutionProperties) = preSolution
		HideSolutionNode = FALSE
	EndGlobalSection
	GlobalSection(ExtensibilityGlobals) = postSolution
		SolutionGuid = {904B982B-C04F-479B-808F-AEFB1F282562}
	EndGlobalSection
EndGlobal
